
Microsoft Visual Studio Solution File, Format Version 12.00
# Visual Studio Version 17
VisualStudioVersion = 17.8.34408.163
MinimumVisualStudioVersion = 10.0.40219.1
Project("{9A19103F-16F7-4668-BE54-9A1E7A4F7556}") = "PARTS.DAL", "PARTS.DAL\PARTS.DAL.csproj", "{A8FBB82F-763B-482C-93B6-6248E90805F3}"
EndProject
Project("{9A19103F-16F7-4668-BE54-9A1E7A4F7556}") = "PARTS.BLL", "PARTS.BLL\PARTS.BLL.csproj", "{C731704B-ED88-4FBB-95A9-AD4FFD9CB757}"
EndProject
Project("{9A19103F-16F7-4668-BE54-9A1E7A4F7556}") = "PARTS.API", "PARTS.API\PARTS.API.csproj", "{EE47BC74-AFF2-4D3B-8FA7-C41CAB25D943}"
EndProject
Project("{E53339B2-1760-4266-BCC7-CA923CBCF16C}") = "docker-compose", "docker-compose.dcproj", "{F41460F8-F0CE-45AC-8F36-61EE319BEBA5}"
EndProject
Project("{9A19103F-16F7-4668-BE54-9A1E7A4F7556}") = "ServiceStationTests", "ServiceStationTests\ServiceStationTests.csproj", "{BA1EA80B-4D10-4ED2-9F53-D62F44B057B9}"
EndProject
Project("{9A19103F-16F7-4668-BE54-9A1E7A4F7556}") = "JOBS.API", "JOBS.API\JOBS.API.csproj", "{73DFF8CC-8CC5-4395-83A7-8032BCFC9D82}"
EndProject
Project("{9A19103F-16F7-4668-BE54-9A1E7A4F7556}") = "JOBS.DAL", "JOBS.DAL\JOBS.DAL.csproj", "{C94F88CC-A508-48E1-A092-16FF6FFE7E71}"
EndProject
Project("{9A19103F-16F7-4668-BE54-9A1E7A4F7556}") = "JOBS.BLL", "JOBS.BLL\JOBS.BLL.csproj", "{D6615B76-50F1-4F16-9F3E-992373758E65}"
EndProject
Project("{9A19103F-16F7-4668-BE54-9A1E7A4F7556}") = "IDENTITY.API", "IDENTITY.API\IDENTITY.API.csproj", "{DC34D9C8-2BE6-4404-AF90-4C1C7BC961EF}"
EndProject
Project("{9A19103F-16F7-4668-BE54-9A1E7A4F7556}") = "IDENTITY.BLL", "IDENTITY.BLL\IDENTITY.BLL.csproj", "{F76A0FBC-BE3C-48D7-8CDA-C2042847E4D0}"
EndProject
Project("{9A19103F-16F7-4668-BE54-9A1E7A4F7556}") = "IDENTITY.DAL", "IDENTITY.DAL\IDENTITY.DAL.csproj", "{718FE308-6996-4D7C-B48F-BED8C6279994}"
EndProject
Project("{9A19103F-16F7-4668-BE54-9A1E7A4F7556}") = "API.GATEWAY", "API.GATEWAY\API.GATEWAY.csproj", "{9A7FCA8B-9E32-4DC9-BF90-521D404CE88B}"
EndProject
Project("{9A19103F-16F7-4668-BE54-9A1E7A4F7556}") = "GeneralBusMessages", "GeneralBusMessages\GeneralBusMessages.csproj", "{AD81C8E9-BA9B-433C-9856-A12F56F8A5F3}"
EndProject
Global
	GlobalSection(SolutionConfigurationPlatforms) = preSolution
		Debug|Any CPU = Debug|Any CPU
		Release|Any CPU = Release|Any CPU
	EndGlobalSection
	GlobalSection(ProjectConfigurationPlatforms) = postSolution
		{A8FBB82F-763B-482C-93B6-6248E90805F3}.Debug|Any CPU.ActiveCfg = Debug|Any CPU
		{A8FBB82F-763B-482C-93B6-6248E90805F3}.Debug|Any CPU.Build.0 = Debug|Any CPU
		{A8FBB82F-763B-482C-93B6-6248E90805F3}.Release|Any CPU.ActiveCfg = Release|Any CPU
		{A8FBB82F-763B-482C-93B6-6248E90805F3}.Release|Any CPU.Build.0 = Release|Any CPU
		{C731704B-ED88-4FBB-95A9-AD4FFD9CB757}.Debug|Any CPU.ActiveCfg = Debug|Any CPU
		{C731704B-ED88-4FBB-95A9-AD4FFD9CB757}.Debug|Any CPU.Build.0 = Debug|Any CPU
		{C731704B-ED88-4FBB-95A9-AD4FFD9CB757}.Release|Any CPU.ActiveCfg = Release|Any CPU
		{C731704B-ED88-4FBB-95A9-AD4FFD9CB757}.Release|Any CPU.Build.0 = Release|Any CPU
		{EE47BC74-AFF2-4D3B-8FA7-C41CAB25D943}.Debug|Any CPU.ActiveCfg = Debug|Any CPU
		{EE47BC74-AFF2-4D3B-8FA7-C41CAB25D943}.Debug|Any CPU.Build.0 = Debug|Any CPU
		{EE47BC74-AFF2-4D3B-8FA7-C41CAB25D943}.Release|Any CPU.ActiveCfg = Release|Any CPU
		{EE47BC74-AFF2-4D3B-8FA7-C41CAB25D943}.Release|Any CPU.Build.0 = Release|Any CPU
		{F41460F8-F0CE-45AC-8F36-61EE319BEBA5}.Debug|Any CPU.ActiveCfg = Debug|Any CPU
		{F41460F8-F0CE-45AC-8F36-61EE319BEBA5}.Debug|Any CPU.Build.0 = Debug|Any CPU
		{F41460F8-F0CE-45AC-8F36-61EE319BEBA5}.Release|Any CPU.ActiveCfg = Release|Any CPU
		{F41460F8-F0CE-45AC-8F36-61EE319BEBA5}.Release|Any CPU.Build.0 = Release|Any CPU
		{BA1EA80B-4D10-4ED2-9F53-D62F44B057B9}.Debug|Any CPU.ActiveCfg = Debug|Any CPU
		{BA1EA80B-4D10-4ED2-9F53-D62F44B057B9}.Debug|Any CPU.Build.0 = Debug|Any CPU
		{BA1EA80B-4D10-4ED2-9F53-D62F44B057B9}.Release|Any CPU.ActiveCfg = Release|Any CPU
		{BA1EA80B-4D10-4ED2-9F53-D62F44B057B9}.Release|Any CPU.Build.0 = Release|Any CPU
		{73DFF8CC-8CC5-4395-83A7-8032BCFC9D82}.Debug|Any CPU.ActiveCfg = Debug|Any CPU
		{73DFF8CC-8CC5-4395-83A7-8032BCFC9D82}.Debug|Any CPU.Build.0 = Debug|Any CPU
		{73DFF8CC-8CC5-4395-83A7-8032BCFC9D82}.Release|Any CPU.ActiveCfg = Release|Any CPU
		{73DFF8CC-8CC5-4395-83A7-8032BCFC9D82}.Release|Any CPU.Build.0 = Release|Any CPU
		{C94F88CC-A508-48E1-A092-16FF6FFE7E71}.Debug|Any CPU.ActiveCfg = Debug|Any CPU
		{C94F88CC-A508-48E1-A092-16FF6FFE7E71}.Debug|Any CPU.Build.0 = Debug|Any CPU
		{C94F88CC-A508-48E1-A092-16FF6FFE7E71}.Release|Any CPU.ActiveCfg = Release|Any CPU
		{C94F88CC-A508-48E1-A092-16FF6FFE7E71}.Release|Any CPU.Build.0 = Release|Any CPU
		{D6615B76-50F1-4F16-9F3E-992373758E65}.Debug|Any CPU.ActiveCfg = Debug|Any CPU
		{D6615B76-50F1-4F16-9F3E-992373758E65}.Debug|Any CPU.Build.0 = Debug|Any CPU
		{D6615B76-50F1-4F16-9F3E-992373758E65}.Release|Any CPU.ActiveCfg = Release|Any CPU
		{D6615B76-50F1-4F16-9F3E-992373758E65}.Release|Any CPU.Build.0 = Release|Any CPU
		{DC34D9C8-2BE6-4404-AF90-4C1C7BC961EF}.Debug|Any CPU.ActiveCfg = Debug|Any CPU
		{DC34D9C8-2BE6-4404-AF90-4C1C7BC961EF}.Debug|Any CPU.Build.0 = Debug|Any CPU
		{DC34D9C8-2BE6-4404-AF90-4C1C7BC961EF}.Release|Any CPU.ActiveCfg = Release|Any CPU
		{DC34D9C8-2BE6-4404-AF90-4C1C7BC961EF}.Release|Any CPU.Build.0 = Release|Any CPU
		{F76A0FBC-BE3C-48D7-8CDA-C2042847E4D0}.Debug|Any CPU.ActiveCfg = Debug|Any CPU
		{F76A0FBC-BE3C-48D7-8CDA-C2042847E4D0}.Debug|Any CPU.Build.0 = Debug|Any CPU
		{F76A0FBC-BE3C-48D7-8CDA-C2042847E4D0}.Release|Any CPU.ActiveCfg = Release|Any CPU
		{F76A0FBC-BE3C-48D7-8CDA-C2042847E4D0}.Release|Any CPU.Build.0 = Release|Any CPU
		{718FE308-6996-4D7C-B48F-BED8C6279994}.Debug|Any CPU.ActiveCfg = Debug|Any CPU
		{718FE308-6996-4D7C-B48F-BED8C6279994}.Debug|Any CPU.Build.0 = Debug|Any CPU
		{718FE308-6996-4D7C-B48F-BED8C6279994}.Release|Any CPU.ActiveCfg = Release|Any CPU
		{718FE308-6996-4D7C-B48F-BED8C6279994}.Release|Any CPU.Build.0 = Release|Any CPU
		{9A7FCA8B-9E32-4DC9-BF90-521D404CE88B}.Debug|Any CPU.ActiveCfg = Debug|Any CPU
		{9A7FCA8B-9E32-4DC9-BF90-521D404CE88B}.Debug|Any CPU.Build.0 = Debug|Any CPU
		{9A7FCA8B-9E32-4DC9-BF90-521D404CE88B}.Release|Any CPU.ActiveCfg = Release|Any CPU
		{9A7FCA8B-9E32-4DC9-BF90-521D404CE88B}.Release|Any CPU.Build.0 = Release|Any CPU
		{AD81C8E9-BA9B-433C-9856-A12F56F8A5F3}.Debug|Any CPU.ActiveCfg = Debug|Any CPU
		{AD81C8E9-BA9B-433C-9856-A12F56F8A5F3}.Debug|Any CPU.Build.0 = Debug|Any CPU
		{AD81C8E9-BA9B-433C-9856-A12F56F8A5F3}.Release|Any CPU.ActiveCfg = Release|Any CPU
		{AD81C8E9-BA9B-433C-9856-A12F56F8A5F3}.Release|Any CPU.Build.0 = Release|Any CPU
	EndGlobalSection
	GlobalSection(SolutionProperties) = preSolution
		HideSolutionNode = FALSE
	EndGlobalSection
	GlobalSection(ExtensibilityGlobals) = postSolution
		SolutionGuid = {E577C23D-ECF3-4D15-BC30-F9ECDEF67ACF}
	EndGlobalSection
EndGlobal
